<?xml version="1.0" encoding="Windows-1252"?>
<Project ToolsVersion="14.0" xmlns="http://schemas.microsoft.com/developer/msbuild/2003">
  <ItemGroup>
    <CustomBuild Include="D:\OpenGL Projects\GLEngineSolution\GLEngineProject\dependencies\glfw\glfw-3.1.2\_build\CMakeFiles\04dc3b3b66f250dbb30b38e745a3af2d\INSTALL_force.rule">
      <Filter>CMake Rules</Filter>
    </CustomBuild>
  </ItemGroup>
  <ItemGroup>
    <Filter Include="CMake Rules">
      <UniqueIdentifier>{7C977406-85F5-46B4-933F-245D0F0E301C}</UniqueIdentifier>
    </Filter>
  </ItemGroup>
</Project>
